
Microsoft Visual Studio Solution File, Format Version 12.00
# Visual Studio Version 17
VisualStudioVersion = 17.11.35312.102
MinimumVisualStudioVersion = 10.0.40219.1
Project("{9A19103F-16F7-4668-BE54-9A1E7A4F7556}") = "MazeRobot", "MazeRobot\MazeRobot.csproj", "{06682794-2294-4197-9AB8-0FE0B73E5CFA}"
EndProject
Project("{9A19103F-16F7-4668-BE54-9A1E7A4F7556}") = "RobotMazeTests", "..\RobotMazeTests\RobotMazeTests\RobotMazeTests.csproj", "{35C875E4-2AB3-465B-8B02-B2E4280EAC15}"
EndProject
Global
	GlobalSection(SolutionConfigurationPlatforms) = preSolution
		Debug|Any CPU = Debug|Any CPU
		Release|Any CPU = Release|Any CPU
	EndGlobalSection
	GlobalSection(ProjectConfigurationPlatforms) = postSolution
		{06682794-2294-4197-9AB8-0FE0B73E5CFA}.Debug|Any CPU.ActiveCfg = Debug|Any CPU
		{06682794-2294-4197-9AB8-0FE0B73E5CFA}.Debug|Any CPU.Build.0 = Debug|Any CPU
		{06682794-2294-4197-9AB8-0FE0B73E5CFA}.Release|Any CPU.ActiveCfg = Release|Any CPU
		{06682794-2294-4197-9AB8-0FE0B73E5CFA}.Release|Any CPU.Build.0 = Release|Any CPU
		{35C875E4-2AB3-465B-8B02-B2E4280EAC15}.Debug|Any CPU.ActiveCfg = Debug|Any CPU
		{35C875E4-2AB3-465B-8B02-B2E4280EAC15}.Debug|Any CPU.Build.0 = Debug|Any CPU
		{35C875E4-2AB3-465B-8B02-B2E4280EAC15}.Release|Any CPU.ActiveCfg = Release|Any CPU
		{35C875E4-2AB3-465B-8B02-B2E4280EAC15}.Release|Any CPU.Build.0 = Release|Any CPU
	EndGlobalSection
	GlobalSection(SolutionProperties) = preSolution
		HideSolutionNode = FALSE
	EndGlobalSection
	GlobalSection(ExtensibilityGlobals) = postSolution
		SolutionGuid = {2F9175F4-582A-4C35-A806-ABDFB8F0C3B6}
	EndGlobalSection
EndGlobal
